// !$*UTF8*$!
{
	archiveVersion = 1;
	classes = {
	};
	objectVersion = 46;
	objects = {

/* Begin PBXFileReference section */
		E4D91A151E59D97D00C020BD /* index.html */ = {isa = PBXFileReference; lastKnownFileType = text.html; path = index.html; sourceTree = "<group>"; };
		E4D91A171E59DA9400C020BD /* clientside.js */ = {isa = PBXFileReference; lastKnownFileType = sourcecode.javascript; path = clientside.js; sourceTree = "<group>"; };
/* End PBXFileReference section */

/* Begin PBXGroup section */
		E4D91A0E1E59D7A400C020BD = {
			isa = PBXGroup;
			children = (
				E4D91A161E59DA7000C020BD /* script */,
				E4D91A151E59D97D00C020BD /* index.html */,
			);
			sourceTree = "<group>";
		};
		E4D91A161E59DA7000C020BD /* script */ = {
			isa = PBXGroup;
			children = (
				E4D91A171E59DA9400C020BD /* clientside.js */,
			);
			name = script;
			sourceTree = "<group>";
		};
/* End PBXGroup section */

/* Begin PBXProject section */
		E4D91A0F1E59D7A400C020BD /* Project object */ = {
			isa = PBXProject;
			attributes = {
				LastUpgradeCheck = 0820;
			};
			buildConfigurationList = E4D91A121E59D7A400C020BD /* Build configuration list for PBXProject "Sample" */;
			compatibilityVersion = "Xcode 3.2";
			developmentRegion = English;
			hasScannedForEncodings = 0;
			knownRegions = (
				en,
			);
			mainGroup = E4D91A0E1E59D7A400C020BD;
			projectDirPath = "";
			projectRoot = "";
			targets = (
			);
		};
/* End PBXProject section */

/* Begin XCBuildConfiguration section */
		E4D91A131E59D7A400C020BD /* Debug */ = {
			isa = XCBuildConfiguration;
			buildSettings = {
			};
			name = Debug;
		};
		E4D91A141E59D7A400C020BD /* Release */ = {
			isa = XCBuildConfiguration;
			buildSettings = {
			};
			name = Release;
		};
/* End XCBuildConfiguration section */

/* Begin XCConfigurationList section */
		E4D91A121E59D7A400C020BD /* Build configuration list for PBXProject "Sample" */ = {
			isa = XCConfigurationList;
			buildConfigurations = (
				E4D91A131E59D7A400C020BD /* Debug */,
				E4D91A141E59D7A400C020BD /* Release */,
			);
			defaultConfigurationIsVisible = 0;
			defaultConfigurationName = Release;
		};
/* End XCConfigurationList section */
	};
	rootObject = E4D91A0F1E59D7A400C020BD /* Project object */;
}
